
Microsoft Visual Studio Solution File, Format Version 12.00
# Visual Studio for Mac
Project("{FAE04EC0-301F-11D3-BF4B-00C04F79EFBC}") = "4.8RenderTry", "4.8RenderTry.csproj", "{2626B138-51EE-C4CF-15FD-DED5B1AAA51C}"
EndProject
Project("{FAE04EC0-301F-11D3-BF4B-00C04F79EFBC}") = "4.8RenderTry.Editor", "4.8RenderTry.Editor.csproj", "{959F7CFA-804B-97E2-01A1-6B1400F982F2}"
EndProject
Global
	GlobalSection(SolutionConfigurationPlatforms) = preSolution
		Debug|Any CPU = Debug|Any CPU
		Release|Any CPU = Release|Any CPU
	EndGlobalSection
	GlobalSection(ProjectConfigurationPlatforms) = postSolution
		{2626B138-51EE-C4CF-15FD-DED5B1AAA51C}.Debug|Any CPU.ActiveCfg = Debug|Any CPU
		{2626B138-51EE-C4CF-15FD-DED5B1AAA51C}.Debug|Any CPU.Build.0 = Debug|Any CPU
		{2626B138-51EE-C4CF-15FD-DED5B1AAA51C}.Release|Any CPU.ActiveCfg = Release|Any CPU
		{2626B138-51EE-C4CF-15FD-DED5B1AAA51C}.Release|Any CPU.Build.0 = Release|Any CPU
		{959F7CFA-804B-97E2-01A1-6B1400F982F2}.Debug|Any CPU.ActiveCfg = Debug|Any CPU
		{959F7CFA-804B-97E2-01A1-6B1400F982F2}.Debug|Any CPU.Build.0 = Debug|Any CPU
		{959F7CFA-804B-97E2-01A1-6B1400F982F2}.Release|Any CPU.ActiveCfg = Release|Any CPU
		{959F7CFA-804B-97E2-01A1-6B1400F982F2}.Release|Any CPU.Build.0 = Release|Any CPU
	EndGlobalSection
	GlobalSection(SolutionProperties) = preSolution
		HideSolutionNode = FALSE
	EndGlobalSection
EndGlobal
